// !$*UTF8*$!
{
	archiveVersion = 1;
	classes = {
	};
	objectVersion = 56;
	objects = {

/* Begin PBXBuildFile section */
		991B037E296E9FCC00A8FE9E /* AppDelegate.swift in Sources */ = {isa = PBXBuildFile; fileRef = 991B037D296E9FCC00A8FE9E /* AppDelegate.swift */; };
		991B0380296E9FCC00A8FE9E /* SceneDelegate.swift in Sources */ = {isa = PBXBuildFile; fileRef = 991B037F296E9FCC00A8FE9E /* SceneDelegate.swift */; };
		991B0382296E9FCC00A8FE9E /* TodoListViewController.swift in Sources */ = {isa = PBXBuildFile; fileRef = 991B0381296E9FCC00A8FE9E /* TodoListViewController.swift */; };
		991B0385296E9FCC00A8FE9E /* Main.storyboard in Resources */ = {isa = PBXBuildFile; fileRef = 991B0383296E9FCC00A8FE9E /* Main.storyboard */; };
		991B0388296E9FCC00A8FE9E /* j_DIRN.xcdatamodeld in Sources */ = {isa = PBXBuildFile; fileRef = 991B0386296E9FCC00A8FE9E /* j_DIRN.xcdatamodeld */; };
		991B038A296E9FCC00A8FE9E /* Assets.xcassets in Resources */ = {isa = PBXBuildFile; fileRef = 991B0389296E9FCC00A8FE9E /* Assets.xcassets */; };
		991B038D296E9FCC00A8FE9E /* LaunchScreen.storyboard in Resources */ = {isa = PBXBuildFile; fileRef = 991B038B296E9FCC00A8FE9E /* LaunchScreen.storyboard */; };
		996E6DE3297555BF005C7545 /* ItemTableCell.swift in Sources */ = {isa = PBXBuildFile; fileRef = 996E6DE1297555BF005C7545 /* ItemTableCell.swift */; };
		996E6DE4297555BF005C7545 /* ItemTableCell.xib in Resources */ = {isa = PBXBuildFile; fileRef = 996E6DE2297555BF005C7545 /* ItemTableCell.xib */; };
		9990FEA5296EE28400A913FE /* Constants.swift in Sources */ = {isa = PBXBuildFile; fileRef = 9990FEA4296EE28400A913FE /* Constants.swift */; };
		99BD83562972B72100423357 /* CategoryViewController.swift in Sources */ = {isa = PBXBuildFile; fileRef = 99BD83552972B72100423357 /* CategoryViewController.swift */; };
		99BD835A297308A000423357 /* DataModelManager.swift in Sources */ = {isa = PBXBuildFile; fileRef = 99BD8359297308A000423357 /* DataModelManager.swift */; };
/* End PBXBuildFile section */

/* Begin PBXFileReference section */
		991B037A296E9FCC00A8FE9E /* j'DIRN.app */ = {isa = PBXFileReference; explicitFileType = wrapper.application; includeInIndex = 0; path = "j'DIRN.app"; sourceTree = BUILT_PRODUCTS_DIR; };
		991B037D296E9FCC00A8FE9E /* AppDelegate.swift */ = {isa = PBXFileReference; lastKnownFileType = sourcecode.swift; path = AppDelegate.swift; sourceTree = "<group>"; };
		991B037F296E9FCC00A8FE9E /* SceneDelegate.swift */ = {isa = PBXFileReference; lastKnownFileType = sourcecode.swift; path = SceneDelegate.swift; sourceTree = "<group>"; };
		991B0381296E9FCC00A8FE9E /* TodoListViewController.swift */ = {isa = PBXFileReference; lastKnownFileType = sourcecode.swift; path = TodoListViewController.swift; sourceTree = "<group>"; };
		991B0384296E9FCC00A8FE9E /* Base */ = {isa = PBXFileReference; lastKnownFileType = file.storyboard; name = Base; path = Base.lproj/Main.storyboard; sourceTree = "<group>"; };
		991B0387296E9FCC00A8FE9E /* j_DIRN.xcdatamodel */ = {isa = PBXFileReference; lastKnownFileType = wrapper.xcdatamodel; path = j_DIRN.xcdatamodel; sourceTree = "<group>"; };
		991B0389296E9FCC00A8FE9E /* Assets.xcassets */ = {isa = PBXFileReference; lastKnownFileType = folder.assetcatalog; path = Assets.xcassets; sourceTree = "<group>"; };
		991B038C296E9FCC00A8FE9E /* Base */ = {isa = PBXFileReference; lastKnownFileType = file.storyboard; name = Base; path = Base.lproj/LaunchScreen.storyboard; sourceTree = "<group>"; };
		991B038E296E9FCC00A8FE9E /* Info.plist */ = {isa = PBXFileReference; lastKnownFileType = text.plist.xml; path = Info.plist; sourceTree = "<group>"; };
		996E6DE1297555BF005C7545 /* ItemTableCell.swift */ = {isa = PBXFileReference; lastKnownFileType = sourcecode.swift; path = ItemTableCell.swift; sourceTree = "<group>"; };
		996E6DE2297555BF005C7545 /* ItemTableCell.xib */ = {isa = PBXFileReference; lastKnownFileType = file.xib; path = ItemTableCell.xib; sourceTree = "<group>"; };
		9990FEA4296EE28400A913FE /* Constants.swift */ = {isa = PBXFileReference; lastKnownFileType = sourcecode.swift; path = Constants.swift; sourceTree = "<group>"; };
		99BD83552972B72100423357 /* CategoryViewController.swift */ = {isa = PBXFileReference; lastKnownFileType = sourcecode.swift; path = CategoryViewController.swift; sourceTree = "<group>"; };
		99BD8359297308A000423357 /* DataModelManager.swift */ = {isa = PBXFileReference; lastKnownFileType = sourcecode.swift; path = DataModelManager.swift; sourceTree = "<group>"; };
/* End PBXFileReference section */

/* Begin PBXFrameworksBuildPhase section */
		991B0377296E9FCC00A8FE9E /* Frameworks */ = {
			isa = PBXFrameworksBuildPhase;
			buildActionMask = 2147483647;
			files = (
			);
			runOnlyForDeploymentPostprocessing = 0;
		};
/* End PBXFrameworksBuildPhase section */

/* Begin PBXGroup section */
		991B0371296E9FCC00A8FE9E = {
			isa = PBXGroup;
			children = (
				991B037C296E9FCC00A8FE9E /* j'DIRN */,
				991B037B296E9FCC00A8FE9E /* Products */,
			);
			sourceTree = "<group>";
		};
		991B037B296E9FCC00A8FE9E /* Products */ = {
			isa = PBXGroup;
			children = (
				991B037A296E9FCC00A8FE9E /* j'DIRN.app */,
			);
			name = Products;
			sourceTree = "<group>";
		};
		991B037C296E9FCC00A8FE9E /* j'DIRN */ = {
			isa = PBXGroup;
			children = (
				991B037D296E9FCC00A8FE9E /* AppDelegate.swift */,
				991B037F296E9FCC00A8FE9E /* SceneDelegate.swift */,
				99D8448F296FF7B000FB7A36 /* Controllers */,
				99D8448E296FF7A500FB7A36 /* Model */,
				99D84490296FF7C100FB7A36 /* Views */,
				99D84491296FF7E000FB7A36 /* Supporting files */,
				991B038E296E9FCC00A8FE9E /* Info.plist */,
			);
			path = "j'DIRN";
			sourceTree = "<group>";
		};
		99D8448E296FF7A500FB7A36 /* Model */ = {
			isa = PBXGroup;
			children = (
				991B0386296E9FCC00A8FE9E /* j_DIRN.xcdatamodeld */,
				99BD8359297308A000423357 /* DataModelManager.swift */,
			);
			path = Model;
			sourceTree = "<group>";
		};
		99D8448F296FF7B000FB7A36 /* Controllers */ = {
			isa = PBXGroup;
			children = (
				99BD83552972B72100423357 /* CategoryViewController.swift */,
				991B0381296E9FCC00A8FE9E /* TodoListViewController.swift */,
			);
			path = Controllers;
			sourceTree = "<group>";
		};
		99D84490296FF7C100FB7A36 /* Views */ = {
			isa = PBXGroup;
			children = (
				991B0383296E9FCC00A8FE9E /* Main.storyboard */,
				996E6DE1297555BF005C7545 /* ItemTableCell.swift */,
				996E6DE2297555BF005C7545 /* ItemTableCell.xib */,
			);
			path = Views;
			sourceTree = "<group>";
		};
		99D84491296FF7E000FB7A36 /* Supporting files */ = {
			isa = PBXGroup;
			children = (
				991B0389296E9FCC00A8FE9E /* Assets.xcassets */,
				991B038B296E9FCC00A8FE9E /* LaunchScreen.storyboard */,
				9990FEA4296EE28400A913FE /* Constants.swift */,
			);
			path = "Supporting files";
			sourceTree = "<group>";
		};
/* End PBXGroup section */

/* Begin PBXNativeTarget section */
		991B0379296E9FCC00A8FE9E /* j'DIRN */ = {
			isa = PBXNativeTarget;
			buildConfigurationList = 991B0391296E9FCC00A8FE9E /* Build configuration list for PBXNativeTarget "j'DIRN" */;
			buildPhases = (
				991B0376296E9FCC00A8FE9E /* Sources */,
				991B0377296E9FCC00A8FE9E /* Frameworks */,
				991B0378296E9FCC00A8FE9E /* Resources */,
			);
			buildRules = (
			);
			dependencies = (
			);
			name = "j'DIRN";
			productName = "j'DIRN";
			productReference = 991B037A296E9FCC00A8FE9E /* j'DIRN.app */;
			productType = "com.apple.product-type.application";
		};
/* End PBXNativeTarget section */

/* Begin PBXProject section */
		991B0372296E9FCC00A8FE9E /* Project object */ = {
			isa = PBXProject;
			attributes = {
				BuildIndependentTargetsInParallel = 1;
				LastSwiftUpdateCheck = 1410;
				LastUpgradeCheck = 1410;
				TargetAttributes = {
					991B0379296E9FCC00A8FE9E = {
						CreatedOnToolsVersion = 14.1;
					};
				};
			};
			buildConfigurationList = 991B0375296E9FCC00A8FE9E /* Build configuration list for PBXProject "j'DIRN" */;
			compatibilityVersion = "Xcode 14.0";
			developmentRegion = en;
			hasScannedForEncodings = 0;
			knownRegions = (
				en,
				Base,
			);
			mainGroup = 991B0371296E9FCC00A8FE9E;
			productRefGroup = 991B037B296E9FCC00A8FE9E /* Products */;
			projectDirPath = "";
			projectRoot = "";
			targets = (
				991B0379296E9FCC00A8FE9E /* j'DIRN */,
			);
		};
/* End PBXProject section */

/* Begin PBXResourcesBuildPhase section */
		991B0378296E9FCC00A8FE9E /* Resources */ = {
			isa = PBXResourcesBuildPhase;
			buildActionMask = 2147483647;
			files = (
				991B038D296E9FCC00A8FE9E /* LaunchScreen.storyboard in Resources */,
				996E6DE4297555BF005C7545 /* ItemTableCell.xib in Resources */,
				991B038A296E9FCC00A8FE9E /* Assets.xcassets in Resources */,
				991B0385296E9FCC00A8FE9E /* Main.storyboard in Resources */,
			);
			runOnlyForDeploymentPostprocessing = 0;
		};
/* End PBXResourcesBuildPhase section */

/* Begin PBXSourcesBuildPhase section */
		991B0376296E9FCC00A8FE9E /* Sources */ = {
			isa = PBXSourcesBuildPhase;
			buildActionMask = 2147483647;
			files = (
				9990FEA5296EE28400A913FE /* Constants.swift in Sources */,
				99BD835A297308A000423357 /* DataModelManager.swift in Sources */,
				991B0382296E9FCC00A8FE9E /* TodoListViewController.swift in Sources */,
				991B0388296E9FCC00A8FE9E /* j_DIRN.xcdatamodeld in Sources */,
				991B037E296E9FCC00A8FE9E /* AppDelegate.swift in Sources */,
				99BD83562972B72100423357 /* CategoryViewController.swift in Sources */,
				991B0380296E9FCC00A8FE9E /* SceneDelegate.swift in Sources */,
				996E6DE3297555BF005C7545 /* ItemTableCell.swift in Sources */,
			);
			runOnlyForDeploymentPostprocessing = 0;
		};
/* End PBXSourcesBuildPhase section */

/* Begin PBXVariantGroup section */
		991B0383296E9FCC00A8FE9E /* Main.storyboard */ = {
			isa = PBXVariantGroup;
			children = (
				991B0384296E9FCC00A8FE9E /* Base */,
			);
			name = Main.storyboard;
			sourceTree = "<group>";
		};
		991B038B296E9FCC00A8FE9E /* LaunchScreen.storyboard */ = {
			isa = PBXVariantGroup;
			children = (
				991B038C296E9FCC00A8FE9E /* Base */,
			);
			name = LaunchScreen.storyboard;
			sourceTree = "<group>";
		};
/* End PBXVariantGroup section */

/* Begin XCBuildConfiguration section */
		991B038F296E9FCC00A8FE9E /* Debug */ = {
			isa = XCBuildConfiguration;
			buildSettings = {
				ALWAYS_SEARCH_USER_PATHS = NO;
				CLANG_ANALYZER_NONNULL = YES;
				CLANG_ANALYZER_NUMBER_OBJECT_CONVERSION = YES_AGGRESSIVE;
				CLANG_CXX_LANGUAGE_STANDARD = "gnu++20";
				CLANG_ENABLE_MODULES = YES;
				CLANG_ENABLE_OBJC_ARC = YES;
				CLANG_ENABLE_OBJC_WEAK = YES;
				CLANG_WARN_BLOCK_CAPTURE_AUTORELEASING = YES;
				CLANG_WARN_BOOL_CONVERSION = YES;
				CLANG_WARN_COMMA = YES;
				CLANG_WARN_CONSTANT_CONVERSION = YES;
				CLANG_WARN_DEPRECATED_OBJC_IMPLEMENTATIONS = YES;
				CLANG_WARN_DIRECT_OBJC_ISA_USAGE = YES_ERROR;
				CLANG_WARN_DOCUMENTATION_COMMENTS = YES;
				CLANG_WARN_EMPTY_BODY = YES;
				CLANG_WARN_ENUM_CONVERSION = YES;
				CLANG_WARN_INFINITE_RECURSION = YES;
				CLANG_WARN_INT_CONVERSION = YES;
				CLANG_WARN_NON_LITERAL_NULL_CONVERSION = YES;
				CLANG_WARN_OBJC_IMPLICIT_RETAIN_SELF = YES;
				CLANG_WARN_OBJC_LITERAL_CONVERSION = YES;
				CLANG_WARN_OBJC_ROOT_CLASS = YES_ERROR;
				CLANG_WARN_QUOTED_INCLUDE_IN_FRAMEWORK_HEADER = YES;
				CLANG_WARN_RANGE_LOOP_ANALYSIS = YES;
				CLANG_WARN_STRICT_PROTOTYPES = YES;
				CLANG_WARN_SUSPICIOUS_MOVE = YES;
				CLANG_WARN_UNGUARDED_AVAILABILITY = YES_AGGRESSIVE;
				CLANG_WARN_UNREACHABLE_CODE = YES;
				CLANG_WARN__DUPLICATE_METHOD_MATCH = YES;
				COPY_PHASE_STRIP = NO;
				DEBUG_INFORMATION_FORMAT = dwarf;
				ENABLE_STRICT_OBJC_MSGSEND = YES;
				ENABLE_TESTABILITY = YES;
				GCC_C_LANGUAGE_STANDARD = gnu11;
				GCC_DYNAMIC_NO_PIC = NO;
				GCC_NO_COMMON_BLOCKS = YES;
				GCC_OPTIMIZATION_LEVEL = 0;
				GCC_PREPROCESSOR_DEFINITIONS = (
					"DEBUG=1",
					"$(inherited)",
				);
				GCC_WARN_64_TO_32_BIT_CONVERSION = YES;
				GCC_WARN_ABOUT_RETURN_TYPE = YES_ERROR;
				GCC_WARN_UNDECLARED_SELECTOR = YES;
				GCC_WARN_UNINITIALIZED_AUTOS = YES_AGGRESSIVE;
				GCC_WARN_UNUSED_FUNCTION = YES;
				GCC_WARN_UNUSED_VARIABLE = YES;
				IPHONEOS_DEPLOYMENT_TARGET = 13.0;
				MTL_ENABLE_DEBUG_INFO = INCLUDE_SOURCE;
				MTL_FAST_MATH = YES;
				ONLY_ACTIVE_ARCH = YES;
				SDKROOT = iphoneos;
				SWIFT_ACTIVE_COMPILATION_CONDITIONS = DEBUG;
				SWIFT_OPTIMIZATION_LEVEL = "-Onone";
			};
			name = Debug;
		};
		991B0390296E9FCC00A8FE9E /* Release */ = {
			isa = XCBuildConfiguration;
			buildSettings = {
				ALWAYS_SEARCH_USER_PATHS = NO;
				CLANG_ANALYZER_NONNULL = YES;
				CLANG_ANALYZER_NUMBER_OBJECT_CONVERSION = YES_AGGRESSIVE;
				CLANG_CXX_LANGUAGE_STANDARD = "gnu++20";
				CLANG_ENABLE_MODULES = YES;
				CLANG_ENABLE_OBJC_ARC = YES;
				CLANG_ENABLE_OBJC_WEAK = YES;
				CLANG_WARN_BLOCK_CAPTURE_AUTORELEASING = YES;
				CLANG_WARN_BOOL_CONVERSION = YES;
				CLANG_WARN_COMMA = YES;
				CLANG_WARN_CONSTANT_CONVERSION = YES;
				CLANG_WARN_DEPRECATED_OBJC_IMPLEMENTATIONS = YES;
				CLANG_WARN_DIRECT_OBJC_ISA_USAGE = YES_ERROR;
				CLANG_WARN_DOCUMENTATION_COMMENTS = YES;
				CLANG_WARN_EMPTY_BODY = YES;
				CLANG_WARN_ENUM_CONVERSION = YES;
				CLANG_WARN_INFINITE_RECURSION = YES;
				CLANG_WARN_INT_CONVERSION = YES;
				CLANG_WARN_NON_LITERAL_NULL_CONVERSION = YES;
				CLANG_WARN_OBJC_IMPLICIT_RETAIN_SELF = YES;
				CLANG_WARN_OBJC_LITERAL_CONVERSION = YES;
				CLANG_WARN_OBJC_ROOT_CLASS = YES_ERROR;
				CLANG_WARN_QUOTED_INCLUDE_IN_FRAMEWORK_HEADER = YES;
				CLANG_WARN_RANGE_LOOP_ANALYSIS = YES;
				CLANG_WARN_STRICT_PROTOTYPES = YES;
				CLANG_WARN_SUSPICIOUS_MOVE = YES;
				CLANG_WARN_UNGUARDED_AVAILABILITY = YES_AGGRESSIVE;
				CLANG_WARN_UNREACHABLE_CODE = YES;
				CLANG_WARN__DUPLICATE_METHOD_MATCH = YES;
				COPY_PHASE_STRIP = NO;
				DEBUG_INFORMATION_FORMAT = "dwarf-with-dsym";
				ENABLE_NS_ASSERTIONS = NO;
				ENABLE_STRICT_OBJC_MSGSEND = YES;
				GCC_C_LANGUAGE_STANDARD = gnu11;
				GCC_NO_COMMON_BLOCKS = YES;
				GCC_WARN_64_TO_32_BIT_CONVERSION = YES;
				GCC_WARN_ABOUT_RETURN_TYPE = YES_ERROR;
				GCC_WARN_UNDECLARED_SELECTOR = YES;
				GCC_WARN_UNINITIALIZED_AUTOS = YES_AGGRESSIVE;
				GCC_WARN_UNUSED_FUNCTION = YES;
				GCC_WARN_UNUSED_VARIABLE = YES;
				IPHONEOS_DEPLOYMENT_TARGET = 13.0;
				MTL_ENABLE_DEBUG_INFO = NO;
				MTL_FAST_MATH = YES;
				SDKROOT = iphoneos;
				SWIFT_COMPILATION_MODE = wholemodule;
				SWIFT_OPTIMIZATION_LEVEL = "-O";
				VALIDATE_PRODUCT = YES;
			};
			name = Release;
		};
		991B0392296E9FCC00A8FE9E /* Debug */ = {
			isa = XCBuildConfiguration;
			buildSettings = {
				ASSETCATALOG_COMPILER_APPICON_NAME = AppIcon;
				ASSETCATALOG_COMPILER_GLOBAL_ACCENT_COLOR_NAME = AccentColor;
				CODE_SIGN_STYLE = Automatic;
				CURRENT_PROJECT_VERSION = 1;
				DEVELOPMENT_TEAM = YN75G3Z3G7;
				GENERATE_INFOPLIST_FILE = YES;
				INFOPLIST_FILE = "j'DIRN/Info.plist";
				INFOPLIST_KEY_CFBundleDisplayName = "j'DIRN";
				INFOPLIST_KEY_UIApplicationSupportsIndirectInputEvents = YES;
				INFOPLIST_KEY_UILaunchStoryboardName = LaunchScreen;
				INFOPLIST_KEY_UIMainStoryboardFile = Main;
				INFOPLIST_KEY_UISupportedInterfaceOrientations = UIInterfaceOrientationPortrait;
				INFOPLIST_KEY_UISupportedInterfaceOrientations_iPad = "UIInterfaceOrientationLandscapeLeft UIInterfaceOrientationLandscapeRight UIInterfaceOrientationPortrait UIInterfaceOrientationPortraitUpsideDown";
				IPHONEOS_DEPLOYMENT_TARGET = 13.0;
				LD_RUNPATH_SEARCH_PATHS = (
					"$(inherited)",
					"@executable_path/Frameworks",
				);
				MARKETING_VERSION = 1.0;
				PRODUCT_BUNDLE_IDENTIFIER = "kaz.timebetov.j-DIRN";
				PRODUCT_NAME = "$(TARGET_NAME)";
				SUPPORTED_PLATFORMS = "iphoneos iphonesimulator";
				SUPPORTS_MACCATALYST = NO;
				SUPPORTS_MAC_DESIGNED_FOR_IPHONE_IPAD = NO;
				SWIFT_EMIT_LOC_STRINGS = YES;
				SWIFT_VERSION = 5.0;
				TARGETED_DEVICE_FAMILY = "1,2";
			};
			name = Debug;
		};
		991B0393296E9FCC00A8FE9E /* Release */ = {
			isa = XCBuildConfiguration;
			buildSettings = {
				ASSETCATALOG_COMPILER_APPICON_NAME = AppIcon;
				ASSETCATALOG_COMPILER_GLOBAL_ACCENT_COLOR_NAME = AccentColor;
				CODE_SIGN_STYLE = Automatic;
				CURRENT_PROJECT_VERSION = 1;
				DEVELOPMENT_TEAM = YN75G3Z3G7;
				GENERATE_INFOPLIST_FILE = YES;
				INFOPLIST_FILE = "j'DIRN/Info.plist";
				INFOPLIST_KEY_CFBundleDisplayName = "j'DIRN";
				INFOPLIST_KEY_UIApplicationSupportsIndirectInputEvents = YES;
				INFOPLIST_KEY_UILaunchStoryboardName = LaunchScreen;
				INFOPLIST_KEY_UIMainStoryboardFile = Main;
				INFOPLIST_KEY_UISupportedInterfaceOrientations = UIInterfaceOrientationPortrait;
				INFOPLIST_KEY_UISupportedInterfaceOrientations_iPad = "UIInterfaceOrientationLandscapeLeft UIInterfaceOrientationLandscapeRight UIInterfaceOrientationPortrait UIInterfaceOrientationPortraitUpsideDown";
				IPHONEOS_DEPLOYMENT_TARGET = 13.0;
				LD_RUNPATH_SEARCH_PATHS = (
					"$(inherited)",
					"@executable_path/Frameworks",
				);
				MARKETING_VERSION = 1.0;
				PRODUCT_BUNDLE_IDENTIFIER = "kaz.timebetov.j-DIRN";
				PRODUCT_NAME = "$(TARGET_NAME)";
				SUPPORTED_PLATFORMS = "iphoneos iphonesimulator";
				SUPPORTS_MACCATALYST = NO;
				SUPPORTS_MAC_DESIGNED_FOR_IPHONE_IPAD = NO;
				SWIFT_EMIT_LOC_STRINGS = YES;
				SWIFT_VERSION = 5.0;
				TARGETED_DEVICE_FAMILY = "1,2";
			};
			name = Release;
		};
/* End XCBuildConfiguration section */

/* Begin XCConfigurationList section */
		991B0375296E9FCC00A8FE9E /* Build configuration list for PBXProject "j'DIRN" */ = {
			isa = XCConfigurationList;
			buildConfigurations = (
				991B038F296E9FCC00A8FE9E /* Debug */,
				991B0390296E9FCC00A8FE9E /* Release */,
			);
			defaultConfigurationIsVisible = 0;
			defaultConfigurationName = Release;
		};
		991B0391296E9FCC00A8FE9E /* Build configuration list for PBXNativeTarget "j'DIRN" */ = {
			isa = XCConfigurationList;
			buildConfigurations = (
				991B0392296E9FCC00A8FE9E /* Debug */,
				991B0393296E9FCC00A8FE9E /* Release */,
			);
			defaultConfigurationIsVisible = 0;
			defaultConfigurationName = Release;
		};
/* End XCConfigurationList section */

/* Begin XCVersionGroup section */
		991B0386296E9FCC00A8FE9E /* j_DIRN.xcdatamodeld */ = {
			isa = XCVersionGroup;
			children = (
				991B0387296E9FCC00A8FE9E /* j_DIRN.xcdatamodel */,
			);
			currentVersion = 991B0387296E9FCC00A8FE9E /* j_DIRN.xcdatamodel */;
			path = j_DIRN.xcdatamodeld;
			sourceTree = "<group>";
			versionGroupType = wrapper.xcdatamodel;
		};
/* End XCVersionGroup section */
	};
	rootObject = 991B0372296E9FCC00A8FE9E /* Project object */;
}
